{
  "version": 4,
  "terraform_version": "1.11.2",
  "serial": 237,
  "lineage": "549524ae-f9fa-4302-8463-06983dc5f9dd",
  "outputs": {
    "lakeformation_database_name": {
      "value": "terraform_lake_db",
      "type": "string"
    }
  },
  "resources": [
    {
      "mode": "managed",
      "type": "aws_glue_catalog_database",
      "name": "terraform_lake_db",
      "provider": "provider[\"registry.terraform.io/hashicorp/aws\"]",
      "instances": [
        {
          "schema_version": 0,
          "attributes": {
            "arn": "arn:aws:glue:ap-south-1:277707122289:database/terraform_lake_db",
            "catalog_id": "277707122289",
            "create_table_default_permission": [
              {
                "permissions": [
                  "ALL"
                ],
                "principal": [
                  {
                    "data_lake_principal_identifier": "IAM_ALLOWED_PRINCIPALS"
                  }
                ]
              }
            ],
            "description": "",
            "federated_database": [],
            "id": "277707122289:terraform_lake_db",
            "location_uri": "",
            "name": "terraform_lake_db",
            "parameters": {},
            "tags": {},
            "tags_all": {},
            "target_database": []
          },
          "sensitive_attributes": [],
          "private": "bnVsbA=="
        }
      ]
    },
    {
      "mode": "managed",
      "type": "aws_glue_catalog_table",
      "name": "terraform_lake_table",
      "provider": "provider[\"registry.terraform.io/hashicorp/aws\"]",
      "instances": [
        {
          "schema_version": 0,
          "attributes": {
            "arn": "arn:aws:glue:ap-south-1:277707122289:table/terraform_lake_db/terraform_lake_table",
            "catalog_id": "277707122289",
            "database_name": "terraform_lake_db",
            "description": "",
            "id": "277707122289:terraform_lake_db:terraform_lake_table",
            "name": "terraform_lake_table",
            "open_table_format_input": [],
            "owner": "",
            "parameters": {},
            "partition_index": [],
            "partition_keys": [],
            "retention": 0,
            "storage_descriptor": [
              {
                "additional_locations": [],
                "bucket_columns": [],
                "columns": [
                  {
                    "comment": "",
                    "name": "id",
                    "parameters": {},
                    "type": "int"
                  },
                  {
                    "comment": "",
                    "name": "name",
                    "parameters": {},
                    "type": "string"
                  }
                ],
                "compressed": false,
                "input_format": "org.apache.hadoop.mapred.TextInputFormat",
                "location": "s3://your-bucket-name/lake-data/",
                "number_of_buckets": 0,
                "output_format": "org.apache.hadoop.hive.ql.io.HiveIgnoreKeyTextOutputFormat",
                "parameters": {},
                "schema_reference": [],
                "ser_de_info": [
                  {
                    "name": "SerDe",
                    "parameters": {},
                    "serialization_library": "org.apache.hadoop.hive.serde2.lazy.LazySimpleSerDe"
                  }
                ],
                "skewed_info": [],
                "sort_columns": [],
                "stored_as_sub_directories": false
              }
            ],
            "table_type": "EXTERNAL_TABLE",
            "target_table": [],
            "view_expanded_text": "",
            "view_original_text": ""
          },
          "sensitive_attributes": [],
          "private": "bnVsbA==",
          "dependencies": [
            "aws_glue_catalog_database.terraform_lake_db"
          ]
        }
      ]
    },
    {
      "mode": "managed",
      "type": "aws_lakeformation_data_lake_settings",
      "name": "lake_settings",
      "provider": "provider[\"registry.terraform.io/hashicorp/aws\"]",
      "instances": [
        {
          "schema_version": 0,
          "attributes": {
            "admins": [
              "arn:aws:iam::277707122289:role/aws-service-role/securitylake.amazonaws.com/AWSServiceRoleForSecurityLake"
            ],
            "allow_external_data_filtering": false,
            "allow_full_table_external_data_access": false,
            "authorized_session_tag_value_list": [],
            "catalog_id": null,
            "create_database_default_permissions": [],
            "create_table_default_permissions": [],
            "external_data_filtering_allow_list": [],
            "id": "2507488312",
            "parameters": {
              "CROSS_ACCOUNT_VERSION": "4",
              "SET_CONTEXT": "TRUE"
            },
            "read_only_admins": [],
            "trusted_resource_owners": []
          },
          "sensitive_attributes": [],
          "private": "bnVsbA=="
        }
      ]
    },
    {
      "mode": "managed",
      "type": "aws_lakeformation_permissions",
      "name": "lake_permissions",
      "provider": "provider[\"registry.terraform.io/hashicorp/aws\"]",
      "instances": [
        {
          "schema_version": 0,
          "attributes": {
            "catalog_id": null,
            "catalog_resource": false,
            "data_cells_filter": [],
            "data_location": [],
            "database": [
              {
                "catalog_id": "277707122289",
                "name": "terraform_lake_db"
              }
            ],
            "id": "1860361732",
            "lf_tag": [],
            "lf_tag_policy": [],
            "permissions": [
              "ALL"
            ],
            "permissions_with_grant_option": [],
            "principal": "arn:aws:iam::277707122289:role/aws-service-role/securitylake.amazonaws.com/AWSServiceRoleForSecurityLake",
            "table": [],
            "table_with_columns": []
          },
          "sensitive_attributes": [],
          "private": "bnVsbA==",
          "dependencies": [
            "aws_glue_catalog_database.terraform_lake_db"
          ]
        }
      ]
    }
  ],
  "check_results": null
}
